
Microsoft Visual Studio Solution File, Format Version 10.00
# Visual Studio 2008
Project("{FAE04EC0-301F-11D3-BF4B-00C04F79EFBC}") = "ibagchaal", "ibagchaal\ibagchaal.csproj", "{A674EBB7-BAAF-432F-890A-404102EA5ACF}"
EndProject
Global
	GlobalSection(SolutionConfigurationPlatforms) = preSolution
		Debug|Any CPU = Debug|Any CPU
		Release|Any CPU = Release|Any CPU
	EndGlobalSection
	GlobalSection(ProjectConfigurationPlatforms) = postSolution
		{A674EBB7-BAAF-432F-890A-404102EA5ACF}.Debug|Any CPU.ActiveCfg = Debug|Any CPU
		{A674EBB7-BAAF-432F-890A-404102EA5ACF}.Debug|Any CPU.Build.0 = Debug|Any CPU
		{A674EBB7-BAAF-432F-890A-404102EA5ACF}.Release|Any CPU.ActiveCfg = Release|Any CPU
		{A674EBB7-BAAF-432F-890A-404102EA5ACF}.Release|Any CPU.Build.0 = Release|Any CPU
	EndGlobalSection
	GlobalSection(SolutionProperties) = preSolution
		HideSolutionNode = FALSE
	EndGlobalSection
EndGlobal
